// !$*UTF8*$!
{
	archiveVersion = 1;
	classes = {
	};
	objectVersion = 46;
	objects = {

/* Begin PBXBuildFile section */
		A90614D91AA50136005ED946 /* AppDelegate.swift in Sources */ = {isa = PBXBuildFile; fileRef = A90614D81AA50136005ED946 /* AppDelegate.swift */; };
		A90614DB1AA50136005ED946 /* ViewControllerID1.swift in Sources */ = {isa = PBXBuildFile; fileRef = A90614DA1AA50136005ED946 /* ViewControllerID1.swift */; };
		A90614DE1AA50136005ED946 /* Main.storyboard in Resources */ = {isa = PBXBuildFile; fileRef = A90614DC1AA50136005ED946 /* Main.storyboard */; };
		A90614E01AA50136005ED946 /* Images.xcassets in Resources */ = {isa = PBXBuildFile; fileRef = A90614DF1AA50136005ED946 /* Images.xcassets */; };
		A90614E31AA50136005ED946 /* LaunchScreen.xib in Resources */ = {isa = PBXBuildFile; fileRef = A90614E11AA50136005ED946 /* LaunchScreen.xib */; };
		A90614EF1AA50136005ED946 /* swipeViewTestTests.swift in Sources */ = {isa = PBXBuildFile; fileRef = A90614EE1AA50136005ED946 /* swipeViewTestTests.swift */; };
		A90614F91AA505CC005ED946 /* ViewControllerID2.swift in Sources */ = {isa = PBXBuildFile; fileRef = A90614F81AA505CC005ED946 /* ViewControllerID2.swift */; };
		A90614FD1AA51274005ED946 /* ViewControllerID3.swift in Sources */ = {isa = PBXBuildFile; fileRef = A90614FC1AA51274005ED946 /* ViewControllerID3.swift */; };
		A90615011AA5CAC2005ED946 /* ViewControllerID4.swift in Sources */ = {isa = PBXBuildFile; fileRef = A90615001AA5CAC2005ED946 /* ViewControllerID4.swift */; };
		A95150FE1AA66351009016E9 /* TransitionManager.swift in Sources */ = {isa = PBXBuildFile; fileRef = A95150FD1AA66351009016E9 /* TransitionManager.swift */; };
		A95151021AA67F10009016E9 /* robby.png in Resources */ = {isa = PBXBuildFile; fileRef = A95151011AA67F10009016E9 /* robby.png */; };
/* End PBXBuildFile section */

/* Begin PBXContainerItemProxy section */
		A90614E91AA50136005ED946 /* PBXContainerItemProxy */ = {
			isa = PBXContainerItemProxy;
			containerPortal = A90614CB1AA50136005ED946 /* Project object */;
			proxyType = 1;
			remoteGlobalIDString = A90614D21AA50136005ED946;
			remoteInfo = swipeViewTest;
		};
/* End PBXContainerItemProxy section */

/* Begin PBXFileReference section */
		A90614D31AA50136005ED946 /* swipeViewTest.app */ = {isa = PBXFileReference; explicitFileType = wrapper.application; includeInIndex = 0; path = swipeViewTest.app; sourceTree = BUILT_PRODUCTS_DIR; };
		A90614D71AA50136005ED946 /* Info.plist */ = {isa = PBXFileReference; lastKnownFileType = text.plist.xml; path = Info.plist; sourceTree = "<group>"; };
		A90614D81AA50136005ED946 /* AppDelegate.swift */ = {isa = PBXFileReference; lastKnownFileType = sourcecode.swift; path = AppDelegate.swift; sourceTree = "<group>"; };
		A90614DA1AA50136005ED946 /* ViewControllerID1.swift */ = {isa = PBXFileReference; lastKnownFileType = sourcecode.swift; path = ViewControllerID1.swift; sourceTree = "<group>"; };
		A90614DD1AA50136005ED946 /* Base */ = {isa = PBXFileReference; lastKnownFileType = file.storyboard; name = Base; path = Base.lproj/Main.storyboard; sourceTree = "<group>"; };
		A90614DF1AA50136005ED946 /* Images.xcassets */ = {isa = PBXFileReference; lastKnownFileType = folder.assetcatalog; path = Images.xcassets; sourceTree = "<group>"; };
		A90614E21AA50136005ED946 /* Base */ = {isa = PBXFileReference; lastKnownFileType = file.xib; name = Base; path = Base.lproj/LaunchScreen.xib; sourceTree = "<group>"; };
		A90614E81AA50136005ED946 /* swipeViewTestTests.xctest */ = {isa = PBXFileReference; explicitFileType = wrapper.cfbundle; includeInIndex = 0; path = swipeViewTestTests.xctest; sourceTree = BUILT_PRODUCTS_DIR; };
		A90614ED1AA50136005ED946 /* Info.plist */ = {isa = PBXFileReference; lastKnownFileType = text.plist.xml; path = Info.plist; sourceTree = "<group>"; };
		A90614EE1AA50136005ED946 /* swipeViewTestTests.swift */ = {isa = PBXFileReference; lastKnownFileType = sourcecode.swift; path = swipeViewTestTests.swift; sourceTree = "<group>"; };
		A90614F81AA505CC005ED946 /* ViewControllerID2.swift */ = {isa = PBXFileReference; fileEncoding = 4; lastKnownFileType = sourcecode.swift; path = ViewControllerID2.swift; sourceTree = "<group>"; };
		A90614FC1AA51274005ED946 /* ViewControllerID3.swift */ = {isa = PBXFileReference; fileEncoding = 4; lastKnownFileType = sourcecode.swift; path = ViewControllerID3.swift; sourceTree = "<group>"; };
		A90615001AA5CAC2005ED946 /* ViewControllerID4.swift */ = {isa = PBXFileReference; fileEncoding = 4; lastKnownFileType = sourcecode.swift; path = ViewControllerID4.swift; sourceTree = "<group>"; };
		A95150FD1AA66351009016E9 /* TransitionManager.swift */ = {isa = PBXFileReference; fileEncoding = 4; lastKnownFileType = sourcecode.swift; name = TransitionManager.swift; path = ../TransitionManager.swift; sourceTree = "<group>"; };
		A95151011AA67F10009016E9 /* robby.png */ = {isa = PBXFileReference; lastKnownFileType = image.png; path = robby.png; sourceTree = "<group>"; };
/* End PBXFileReference section */

/* Begin PBXFrameworksBuildPhase section */
		A90614D01AA50136005ED946 /* Frameworks */ = {
			isa = PBXFrameworksBuildPhase;
			buildActionMask = 2147483647;
			files = (
			);
			runOnlyForDeploymentPostprocessing = 0;
		};
		A90614E51AA50136005ED946 /* Frameworks */ = {
			isa = PBXFrameworksBuildPhase;
			buildActionMask = 2147483647;
			files = (
			);
			runOnlyForDeploymentPostprocessing = 0;
		};
/* End PBXFrameworksBuildPhase section */

/* Begin PBXGroup section */
		A90614CA1AA50136005ED946 = {
			isa = PBXGroup;
			children = (
				A90614D51AA50136005ED946 /* swipeViewTest */,
				A90614EB1AA50136005ED946 /* swipeViewTestTests */,
				A90614D41AA50136005ED946 /* Products */,
			);
			sourceTree = "<group>";
		};
		A90614D41AA50136005ED946 /* Products */ = {
			isa = PBXGroup;
			children = (
				A90614D31AA50136005ED946 /* swipeViewTest.app */,
				A90614E81AA50136005ED946 /* swipeViewTestTests.xctest */,
			);
			name = Products;
			sourceTree = "<group>";
		};
		A90614D51AA50136005ED946 /* swipeViewTest */ = {
			isa = PBXGroup;
			children = (
				A90614D81AA50136005ED946 /* AppDelegate.swift */,
				A90614DA1AA50136005ED946 /* ViewControllerID1.swift */,
				A90614F81AA505CC005ED946 /* ViewControllerID2.swift */,
				A90614FC1AA51274005ED946 /* ViewControllerID3.swift */,
				A90615001AA5CAC2005ED946 /* ViewControllerID4.swift */,
				A90614DC1AA50136005ED946 /* Main.storyboard */,
				A95150FD1AA66351009016E9 /* TransitionManager.swift */,
				A90614DF1AA50136005ED946 /* Images.xcassets */,
				A90614E11AA50136005ED946 /* LaunchScreen.xib */,
				A90614D61AA50136005ED946 /* Supporting Files */,
			);
			path = swipeViewTest;
			sourceTree = "<group>";
		};
		A90614D61AA50136005ED946 /* Supporting Files */ = {
			isa = PBXGroup;
			children = (
				A95151011AA67F10009016E9 /* robby.png */,
				A90614D71AA50136005ED946 /* Info.plist */,
			);
			name = "Supporting Files";
			sourceTree = "<group>";
		};
		A90614EB1AA50136005ED946 /* swipeViewTestTests */ = {
			isa = PBXGroup;
			children = (
				A90614EE1AA50136005ED946 /* swipeViewTestTests.swift */,
				A90614EC1AA50136005ED946 /* Supporting Files */,
			);
			path = swipeViewTestTests;
			sourceTree = "<group>";
		};
		A90614EC1AA50136005ED946 /* Supporting Files */ = {
			isa = PBXGroup;
			children = (
				A90614ED1AA50136005ED946 /* Info.plist */,
			);
			name = "Supporting Files";
			sourceTree = "<group>";
		};
/* End PBXGroup section */

/* Begin PBXNativeTarget section */
		A90614D21AA50136005ED946 /* swipeViewTest */ = {
			isa = PBXNativeTarget;
			buildConfigurationList = A90614F21AA50136005ED946 /* Build configuration list for PBXNativeTarget "swipeViewTest" */;
			buildPhases = (
				A90614CF1AA50136005ED946 /* Sources */,
				A90614D01AA50136005ED946 /* Frameworks */,
				A90614D11AA50136005ED946 /* Resources */,
			);
			buildRules = (
			);
			dependencies = (
			);
			name = swipeViewTest;
			productName = swipeViewTest;
			productReference = A90614D31AA50136005ED946 /* swipeViewTest.app */;
			productType = "com.apple.product-type.application";
		};
		A90614E71AA50136005ED946 /* swipeViewTestTests */ = {
			isa = PBXNativeTarget;
			buildConfigurationList = A90614F51AA50136005ED946 /* Build configuration list for PBXNativeTarget "swipeViewTestTests" */;
			buildPhases = (
				A90614E41AA50136005ED946 /* Sources */,
				A90614E51AA50136005ED946 /* Frameworks */,
				A90614E61AA50136005ED946 /* Resources */,
			);
			buildRules = (
			);
			dependencies = (
				A90614EA1AA50136005ED946 /* PBXTargetDependency */,
			);
			name = swipeViewTestTests;
			productName = swipeViewTestTests;
			productReference = A90614E81AA50136005ED946 /* swipeViewTestTests.xctest */;
			productType = "com.apple.product-type.bundle.unit-test";
		};
/* End PBXNativeTarget section */

/* Begin PBXProject section */
		A90614CB1AA50136005ED946 /* Project object */ = {
			isa = PBXProject;
			attributes = {
				LastUpgradeCheck = 0610;
				ORGANIZATIONNAME = Alphaweb;
				TargetAttributes = {
					A90614D21AA50136005ED946 = {
						CreatedOnToolsVersion = 6.1.1;
					};
					A90614E71AA50136005ED946 = {
						CreatedOnToolsVersion = 6.1.1;
						TestTargetID = A90614D21AA50136005ED946;
					};
				};
			};
			buildConfigurationList = A90614CE1AA50136005ED946 /* Build configuration list for PBXProject "swipeViewTest" */;
			compatibilityVersion = "Xcode 3.2";
			developmentRegion = English;
			hasScannedForEncodings = 0;
			knownRegions = (
				en,
				Base,
			);
			mainGroup = A90614CA1AA50136005ED946;
			productRefGroup = A90614D41AA50136005ED946 /* Products */;
			projectDirPath = "";
			projectRoot = "";
			targets = (
				A90614D21AA50136005ED946 /* swipeViewTest */,
				A90614E71AA50136005ED946 /* swipeViewTestTests */,
			);
		};
/* End PBXProject section */

/* Begin PBXResourcesBuildPhase section */
		A90614D11AA50136005ED946 /* Resources */ = {
			isa = PBXResourcesBuildPhase;
			buildActionMask = 2147483647;
			files = (
				A90614DE1AA50136005ED946 /* Main.storyboard in Resources */,
				A90614E31AA50136005ED946 /* LaunchScreen.xib in Resources */,
				A95151021AA67F10009016E9 /* robby.png in Resources */,
				A90614E01AA50136005ED946 /* Images.xcassets in Resources */,
			);
			runOnlyForDeploymentPostprocessing = 0;
		};
		A90614E61AA50136005ED946 /* Resources */ = {
			isa = PBXResourcesBuildPhase;
			buildActionMask = 2147483647;
			files = (
			);
			runOnlyForDeploymentPostprocessing = 0;
		};
/* End PBXResourcesBuildPhase section */

/* Begin PBXSourcesBuildPhase section */
		A90614CF1AA50136005ED946 /* Sources */ = {
			isa = PBXSourcesBuildPhase;
			buildActionMask = 2147483647;
			files = (
				A95150FE1AA66351009016E9 /* TransitionManager.swift in Sources */,
				A90614DB1AA50136005ED946 /* ViewControllerID1.swift in Sources */,
				A90614FD1AA51274005ED946 /* ViewControllerID3.swift in Sources */,
				A90614D91AA50136005ED946 /* AppDelegate.swift in Sources */,
				A90615011AA5CAC2005ED946 /* ViewControllerID4.swift in Sources */,
				A90614F91AA505CC005ED946 /* ViewControllerID2.swift in Sources */,
			);
			runOnlyForDeploymentPostprocessing = 0;
		};
		A90614E41AA50136005ED946 /* Sources */ = {
			isa = PBXSourcesBuildPhase;
			buildActionMask = 2147483647;
			files = (
				A90614EF1AA50136005ED946 /* swipeViewTestTests.swift in Sources */,
			);
			runOnlyForDeploymentPostprocessing = 0;
		};
/* End PBXSourcesBuildPhase section */

/* Begin PBXTargetDependency section */
		A90614EA1AA50136005ED946 /* PBXTargetDependency */ = {
			isa = PBXTargetDependency;
			target = A90614D21AA50136005ED946 /* swipeViewTest */;
			targetProxy = A90614E91AA50136005ED946 /* PBXContainerItemProxy */;
		};
/* End PBXTargetDependency section */

/* Begin PBXVariantGroup section */
		A90614DC1AA50136005ED946 /* Main.storyboard */ = {
			isa = PBXVariantGroup;
			children = (
				A90614DD1AA50136005ED946 /* Base */,
			);
			name = Main.storyboard;
			sourceTree = "<group>";
		};
		A90614E11AA50136005ED946 /* LaunchScreen.xib */ = {
			isa = PBXVariantGroup;
			children = (
				A90614E21AA50136005ED946 /* Base */,
			);
			name = LaunchScreen.xib;
			sourceTree = "<group>";
		};
/* End PBXVariantGroup section */

/* Begin XCBuildConfiguration section */
		A90614F01AA50136005ED946 /* Debug */ = {
			isa = XCBuildConfiguration;
			buildSettings = {
				ALWAYS_SEARCH_USER_PATHS = NO;
				CLANG_CXX_LANGUAGE_STANDARD = "gnu++0x";
				CLANG_CXX_LIBRARY = "libc++";
				CLANG_ENABLE_MODULES = YES;
				CLANG_ENABLE_OBJC_ARC = YES;
				CLANG_WARN_BOOL_CONVERSION = YES;
				CLANG_WARN_CONSTANT_CONVERSION = YES;
				CLANG_WARN_DIRECT_OBJC_ISA_USAGE = YES_ERROR;
				CLANG_WARN_EMPTY_BODY = YES;
				CLANG_WARN_ENUM_CONVERSION = YES;
				CLANG_WARN_INT_CONVERSION = YES;
				CLANG_WARN_OBJC_ROOT_CLASS = YES_ERROR;
				CLANG_WARN_UNREACHABLE_CODE = YES;
				CLANG_WARN__DUPLICATE_METHOD_MATCH = YES;
				"CODE_SIGN_IDENTITY[sdk=iphoneos*]" = "iPhone Developer";
				COPY_PHASE_STRIP = NO;
				ENABLE_STRICT_OBJC_MSGSEND = YES;
				GCC_C_LANGUAGE_STANDARD = gnu99;
				GCC_DYNAMIC_NO_PIC = NO;
				GCC_OPTIMIZATION_LEVEL = 0;
				GCC_PREPROCESSOR_DEFINITIONS = (
					"DEBUG=1",
					"$(inherited)",
				);
				GCC_SYMBOLS_PRIVATE_EXTERN = NO;
				GCC_WARN_64_TO_32_BIT_CONVERSION = YES;
				GCC_WARN_ABOUT_RETURN_TYPE = YES_ERROR;
				GCC_WARN_UNDECLARED_SELECTOR = YES;
				GCC_WARN_UNINITIALIZED_AUTOS = YES_AGGRESSIVE;
				GCC_WARN_UNUSED_FUNCTION = YES;
				GCC_WARN_UNUSED_VARIABLE = YES;
				IPHONEOS_DEPLOYMENT_TARGET = 8.1;
				MTL_ENABLE_DEBUG_INFO = YES;
				ONLY_ACTIVE_ARCH = YES;
				SDKROOT = iphoneos;
				SWIFT_OPTIMIZATION_LEVEL = "-Onone";
				TARGETED_DEVICE_FAMILY = "1,2";
			};
			name = Debug;
		};
		A90614F11AA50136005ED946 /* Release */ = {
			isa = XCBuildConfiguration;
			buildSettings = {
				ALWAYS_SEARCH_USER_PATHS = NO;
				CLANG_CXX_LANGUAGE_STANDARD = "gnu++0x";
				CLANG_CXX_LIBRARY = "libc++";
				CLANG_ENABLE_MODULES = YES;
				CLANG_ENABLE_OBJC_ARC = YES;
				CLANG_WARN_BOOL_CONVERSION = YES;
				CLANG_WARN_CONSTANT_CONVERSION = YES;
				CLANG_WARN_DIRECT_OBJC_ISA_USAGE = YES_ERROR;
				CLANG_WARN_EMPTY_BODY = YES;
				CLANG_WARN_ENUM_CONVERSION = YES;
				CLANG_WARN_INT_CONVERSION = YES;
				CLANG_WARN_OBJC_ROOT_CLASS = YES_ERROR;
				CLANG_WARN_UNREACHABLE_CODE = YES;
				CLANG_WARN__DUPLICATE_METHOD_MATCH = YES;
				"CODE_SIGN_IDENTITY[sdk=iphoneos*]" = "iPhone Developer";
				COPY_PHASE_STRIP = YES;
				ENABLE_NS_ASSERTIONS = NO;
				ENABLE_STRICT_OBJC_MSGSEND = YES;
				GCC_C_LANGUAGE_STANDARD = gnu99;
				GCC_WARN_64_TO_32_BIT_CONVERSION = YES;
				GCC_WARN_ABOUT_RETURN_TYPE = YES_ERROR;
				GCC_WARN_UNDECLARED_SELECTOR = YES;
				GCC_WARN_UNINITIALIZED_AUTOS = YES_AGGRESSIVE;
				GCC_WARN_UNUSED_FUNCTION = YES;
				GCC_WARN_UNUSED_VARIABLE = YES;
				IPHONEOS_DEPLOYMENT_TARGET = 8.1;
				MTL_ENABLE_DEBUG_INFO = NO;
				SDKROOT = iphoneos;
				TARGETED_DEVICE_FAMILY = "1,2";
				VALIDATE_PRODUCT = YES;
			};
			name = Release;
		};
		A90614F31AA50136005ED946 /* Debug */ = {
			isa = XCBuildConfiguration;
			buildSettings = {
				ASSETCATALOG_COMPILER_APPICON_NAME = AppIcon;
				INFOPLIST_FILE = swipeViewTest/Info.plist;
				LD_RUNPATH_SEARCH_PATHS = "$(inherited) @executable_path/Frameworks";
				PRODUCT_NAME = "$(TARGET_NAME)";
			};
			name = Debug;
		};
		A90614F41AA50136005ED946 /* Release */ = {
			isa = XCBuildConfiguration;
			buildSettings = {
				ASSETCATALOG_COMPILER_APPICON_NAME = AppIcon;
				INFOPLIST_FILE = swipeViewTest/Info.plist;
				LD_RUNPATH_SEARCH_PATHS = "$(inherited) @executable_path/Frameworks";
				PRODUCT_NAME = "$(TARGET_NAME)";
			};
			name = Release;
		};
		A90614F61AA50136005ED946 /* Debug */ = {
			isa = XCBuildConfiguration;
			buildSettings = {
				BUNDLE_LOADER = "$(TEST_HOST)";
				FRAMEWORK_SEARCH_PATHS = (
					"$(SDKROOT)/Developer/Library/Frameworks",
					"$(inherited)",
				);
				GCC_PREPROCESSOR_DEFINITIONS = (
					"DEBUG=1",
					"$(inherited)",
				);
				INFOPLIST_FILE = swipeViewTestTests/Info.plist;
				LD_RUNPATH_SEARCH_PATHS = "$(inherited) @executable_path/Frameworks @loader_path/Frameworks";
				PRODUCT_NAME = "$(TARGET_NAME)";
				TEST_HOST = "$(BUILT_PRODUCTS_DIR)/swipeViewTest.app/swipeViewTest";
			};
			name = Debug;
		};
		A90614F71AA50136005ED946 /* Release */ = {
			isa = XCBuildConfiguration;
			buildSettings = {
				BUNDLE_LOADER = "$(TEST_HOST)";
				FRAMEWORK_SEARCH_PATHS = (
					"$(SDKROOT)/Developer/Library/Frameworks",
					"$(inherited)",
				);
				INFOPLIST_FILE = swipeViewTestTests/Info.plist;
				LD_RUNPATH_SEARCH_PATHS = "$(inherited) @executable_path/Frameworks @loader_path/Frameworks";
				PRODUCT_NAME = "$(TARGET_NAME)";
				TEST_HOST = "$(BUILT_PRODUCTS_DIR)/swipeViewTest.app/swipeViewTest";
			};
			name = Release;
		};
/* End XCBuildConfiguration section */

/* Begin XCConfigurationList section */
		A90614CE1AA50136005ED946 /* Build configuration list for PBXProject "swipeViewTest" */ = {
			isa = XCConfigurationList;
			buildConfigurations = (
				A90614F01AA50136005ED946 /* Debug */,
				A90614F11AA50136005ED946 /* Release */,
			);
			defaultConfigurationIsVisible = 0;
			defaultConfigurationName = Release;
		};
		A90614F21AA50136005ED946 /* Build configuration list for PBXNativeTarget "swipeViewTest" */ = {
			isa = XCConfigurationList;
			buildConfigurations = (
				A90614F31AA50136005ED946 /* Debug */,
				A90614F41AA50136005ED946 /* Release */,
			);
			defaultConfigurationIsVisible = 0;
			defaultConfigurationName = Release;
		};
		A90614F51AA50136005ED946 /* Build configuration list for PBXNativeTarget "swipeViewTestTests" */ = {
			isa = XCConfigurationList;
			buildConfigurations = (
				A90614F61AA50136005ED946 /* Debug */,
				A90614F71AA50136005ED946 /* Release */,
			);
			defaultConfigurationIsVisible = 0;
			defaultConfigurationName = Release;
		};
/* End XCConfigurationList section */
	};
	rootObject = A90614CB1AA50136005ED946 /* Project object */;
}
